
Microsoft Visual Studio Solution File, Format Version 12.00
# Visual Studio 2017
Project("{FAE04EC0-301F-11D3-BF4B-00C04F79EFBC}") = "LeiDian", "LeiDian.csproj", "{95F48261-22C5-CC13-784D-95872F5824ED}"
EndProject
Project("{FAE04EC0-301F-11D3-BF4B-00C04F79EFBC}") = "LeiDian.Editor", "LeiDian.Editor.csproj", "{0A99AD8A-27B7-06B9-2AE4-6E7E06805B29}"
EndProject
Global
	GlobalSection(SolutionConfigurationPlatforms) = preSolution
		Debug|Any CPU = Debug|Any CPU
		Release|Any CPU = Release|Any CPU
	EndGlobalSection
	GlobalSection(ProjectConfigurationPlatforms) = postSolution
		{95F48261-22C5-CC13-784D-95872F5824ED}.Debug|Any CPU.ActiveCfg = Debug|Any CPU
		{95F48261-22C5-CC13-784D-95872F5824ED}.Debug|Any CPU.Build.0 = Debug|Any CPU
		{95F48261-22C5-CC13-784D-95872F5824ED}.Release|Any CPU.ActiveCfg = Release|Any CPU
		{95F48261-22C5-CC13-784D-95872F5824ED}.Release|Any CPU.Build.0 = Release|Any CPU
		{0A99AD8A-27B7-06B9-2AE4-6E7E06805B29}.Debug|Any CPU.ActiveCfg = Debug|Any CPU
		{0A99AD8A-27B7-06B9-2AE4-6E7E06805B29}.Debug|Any CPU.Build.0 = Debug|Any CPU
		{0A99AD8A-27B7-06B9-2AE4-6E7E06805B29}.Release|Any CPU.ActiveCfg = Release|Any CPU
		{0A99AD8A-27B7-06B9-2AE4-6E7E06805B29}.Release|Any CPU.Build.0 = Release|Any CPU
	EndGlobalSection
	GlobalSection(SolutionProperties) = preSolution
		HideSolutionNode = FALSE
	EndGlobalSection
EndGlobal
